
Microsoft Visual Studio Solution File, Format Version 11.00
# Visual Studio 2010
Project("{FAE04EC0-301F-11D3-BF4B-00C04F79EFBC}") = "SGClient", "Assembly-CSharp.csproj", "{B27AE1C6-3D69-624C-ACFA-08F8EF6C961B}"
EndProject
Project("{FAE04EC0-301F-11D3-BF4B-00C04F79EFBC}") = "SGClient", "Assembly-CSharp-Editor.csproj", "{350BF854-DD22-A5FE-A12A-CDF2FB672CCB}"
EndProject
Project("{24A71D0E-4233-6430-2B1D-8C34A45B8F5B}") = "SGClient", "Assembly-UnityScript.unityproj", "{657F8087-DFC9-938A-8E92-F061A5510A47}"
EndProject
Global
	GlobalSection(SolutionConfigurationPlatforms) = preSolution
		Debug|Any CPU = Debug|Any CPU
		Release|Any CPU = Release|Any CPU
	EndGlobalSection
	GlobalSection(ProjectConfigurationPlatforms) = postSolution
		{B27AE1C6-3D69-624C-ACFA-08F8EF6C961B}.Debug|Any CPU.ActiveCfg = Debug|Any CPU
		{B27AE1C6-3D69-624C-ACFA-08F8EF6C961B}.Debug|Any CPU.Build.0 = Debug|Any CPU
		{B27AE1C6-3D69-624C-ACFA-08F8EF6C961B}.Release|Any CPU.ActiveCfg = Release|Any CPU
		{B27AE1C6-3D69-624C-ACFA-08F8EF6C961B}.Release|Any CPU.Build.0 = Release|Any CPU
		{350BF854-DD22-A5FE-A12A-CDF2FB672CCB}.Debug|Any CPU.ActiveCfg = Debug|Any CPU
		{350BF854-DD22-A5FE-A12A-CDF2FB672CCB}.Debug|Any CPU.Build.0 = Debug|Any CPU
		{350BF854-DD22-A5FE-A12A-CDF2FB672CCB}.Release|Any CPU.ActiveCfg = Release|Any CPU
		{350BF854-DD22-A5FE-A12A-CDF2FB672CCB}.Release|Any CPU.Build.0 = Release|Any CPU
		{657F8087-DFC9-938A-8E92-F061A5510A47}.Debug|Any CPU.ActiveCfg = Debug|Any CPU
		{657F8087-DFC9-938A-8E92-F061A5510A47}.Debug|Any CPU.Build.0 = Debug|Any CPU
		{657F8087-DFC9-938A-8E92-F061A5510A47}.Release|Any CPU.ActiveCfg = Release|Any CPU
		{657F8087-DFC9-938A-8E92-F061A5510A47}.Release|Any CPU.Build.0 = Release|Any CPU
	EndGlobalSection
	GlobalSection(SolutionProperties) = preSolution
		HideSolutionNode = FALSE
	EndGlobalSection
	GlobalSection(MonoDevelopProperties) = preSolution
		StartupItem = Assembly-CSharp.csproj
	EndGlobalSection
EndGlobal
